
Microsoft Visual Studio Solution File, Format Version 12.00
# Visual Studio Version 16
VisualStudioVersion = 16.0.32002.261
MinimumVisualStudioVersion = 10.0.40219.1
Project("{FAE04EC0-301F-11D3-BF4B-00C04F79EFBC}") = "rom to int final", "rom to int final.csproj", "{D517B1B5-D123-4BED-B484-78BB664FD628}"
EndProject
Global
	GlobalSection(SolutionConfigurationPlatforms) = preSolution
		Debug|Any CPU = Debug|Any CPU
		Release|Any CPU = Release|Any CPU
	EndGlobalSection
	GlobalSection(ProjectConfigurationPlatforms) = postSolution
		{D517B1B5-D123-4BED-B484-78BB664FD628}.Debug|Any CPU.ActiveCfg = Debug|Any CPU
		{D517B1B5-D123-4BED-B484-78BB664FD628}.Debug|Any CPU.Build.0 = Debug|Any CPU
		{D517B1B5-D123-4BED-B484-78BB664FD628}.Release|Any CPU.ActiveCfg = Release|Any CPU
		{D517B1B5-D123-4BED-B484-78BB664FD628}.Release|Any CPU.Build.0 = Release|Any CPU
	EndGlobalSection
	GlobalSection(SolutionProperties) = preSolution
		HideSolutionNode = FALSE
	EndGlobalSection
	GlobalSection(ExtensibilityGlobals) = postSolution
		SolutionGuid = {32F5218F-5730-4336-A908-3198C6BD89FA}
	EndGlobalSection
EndGlobal
